
Microsoft Visual Studio Solution File, Format Version 12.00
# Visual Studio Version 16
VisualStudioVersion = 16.0.30611.23
MinimumVisualStudioVersion = 10.0.40219.1
Project("{9A19103F-16F7-4668-BE54-9A1E7A4F7556}") = "P01_Lootbox", "P01_Lootbox\P01_Lootbox.csproj", "{D90C5F39-0569-41A3-9241-DF06B063E64E}"
EndProject
Project("{9A19103F-16F7-4668-BE54-9A1E7A4F7556}") = "P02_Re-Volt", "P02_Re-Volt\P02_Re-Volt.csproj", "{29FCEB6D-E29D-4F7C-854E-0846914C3480}"
EndProject
Project("{9A19103F-16F7-4668-BE54-9A1E7A4F7556}") = "P03_Guild", "P03_Guild\P03_Guild.csproj", "{03510D7A-9027-4142-B826-AB64437532DA}"
EndProject
Global
	GlobalSection(SolutionConfigurationPlatforms) = preSolution
		Debug|Any CPU = Debug|Any CPU
		Release|Any CPU = Release|Any CPU
	EndGlobalSection
	GlobalSection(ProjectConfigurationPlatforms) = postSolution
		{D90C5F39-0569-41A3-9241-DF06B063E64E}.Debug|Any CPU.ActiveCfg = Debug|Any CPU
		{D90C5F39-0569-41A3-9241-DF06B063E64E}.Debug|Any CPU.Build.0 = Debug|Any CPU
		{D90C5F39-0569-41A3-9241-DF06B063E64E}.Release|Any CPU.ActiveCfg = Release|Any CPU
		{D90C5F39-0569-41A3-9241-DF06B063E64E}.Release|Any CPU.Build.0 = Release|Any CPU
		{29FCEB6D-E29D-4F7C-854E-0846914C3480}.Debug|Any CPU.ActiveCfg = Debug|Any CPU
		{29FCEB6D-E29D-4F7C-854E-0846914C3480}.Debug|Any CPU.Build.0 = Debug|Any CPU
		{29FCEB6D-E29D-4F7C-854E-0846914C3480}.Release|Any CPU.ActiveCfg = Release|Any CPU
		{29FCEB6D-E29D-4F7C-854E-0846914C3480}.Release|Any CPU.Build.0 = Release|Any CPU
		{03510D7A-9027-4142-B826-AB64437532DA}.Debug|Any CPU.ActiveCfg = Debug|Any CPU
		{03510D7A-9027-4142-B826-AB64437532DA}.Debug|Any CPU.Build.0 = Debug|Any CPU
		{03510D7A-9027-4142-B826-AB64437532DA}.Release|Any CPU.ActiveCfg = Release|Any CPU
		{03510D7A-9027-4142-B826-AB64437532DA}.Release|Any CPU.Build.0 = Release|Any CPU
	EndGlobalSection
	GlobalSection(SolutionProperties) = preSolution
		HideSolutionNode = FALSE
	EndGlobalSection
	GlobalSection(ExtensibilityGlobals) = postSolution
		SolutionGuid = {B5880402-9C0D-46ED-8852-CABB8424C413}
	EndGlobalSection
EndGlobal
